
Microsoft Visual Studio Solution File, Format Version 12.00
# Visual Studio Version 17
VisualStudioVersion = 17.10.35013.160
MinimumVisualStudioVersion = 10.0.40219.1
Project("{9A19103F-16F7-4668-BE54-9A1E7A4F7556}") = "Zubin.Platform", "Zubin.Platform.csproj", "{9EDD2CA0-6C0D-4A05-BAF3-A39D618BFF2E}"
EndProject
Project("{9A19103F-16F7-4668-BE54-9A1E7A4F7556}") = "EventReminder", "..\EventReminder\EventReminder.csproj", "{82C9AECB-2CD8-4922-85A3-2702CF869AB3}"
EndProject
Project("{FAE04EC0-301F-11D3-BF4B-00C04F79EFBC}") = "MockServer", "..\MockServer\MockServer.csproj", "{66B31AAC-AFAF-4609-A38B-491B3A32B058}"
EndProject
Global
	GlobalSection(SolutionConfigurationPlatforms) = preSolution
		Debug|Any CPU = Debug|Any CPU
		Release|Any CPU = Release|Any CPU
	EndGlobalSection
	GlobalSection(ProjectConfigurationPlatforms) = postSolution
		{9EDD2CA0-6C0D-4A05-BAF3-A39D618BFF2E}.Debug|Any CPU.ActiveCfg = Debug|Any CPU
		{9EDD2CA0-6C0D-4A05-BAF3-A39D618BFF2E}.Debug|Any CPU.Build.0 = Debug|Any CPU
		{9EDD2CA0-6C0D-4A05-BAF3-A39D618BFF2E}.Release|Any CPU.ActiveCfg = Release|Any CPU
		{9EDD2CA0-6C0D-4A05-BAF3-A39D618BFF2E}.Release|Any CPU.Build.0 = Release|Any CPU
		{82C9AECB-2CD8-4922-85A3-2702CF869AB3}.Debug|Any CPU.ActiveCfg = Debug|Any CPU
		{82C9AECB-2CD8-4922-85A3-2702CF869AB3}.Debug|Any CPU.Build.0 = Debug|Any CPU
		{82C9AECB-2CD8-4922-85A3-2702CF869AB3}.Release|Any CPU.ActiveCfg = Release|Any CPU
		{82C9AECB-2CD8-4922-85A3-2702CF869AB3}.Release|Any CPU.Build.0 = Release|Any CPU
		{66B31AAC-AFAF-4609-A38B-491B3A32B058}.Debug|Any CPU.ActiveCfg = Debug|Any CPU
		{66B31AAC-AFAF-4609-A38B-491B3A32B058}.Debug|Any CPU.Build.0 = Debug|Any CPU
		{66B31AAC-AFAF-4609-A38B-491B3A32B058}.Release|Any CPU.ActiveCfg = Release|Any CPU
		{66B31AAC-AFAF-4609-A38B-491B3A32B058}.Release|Any CPU.Build.0 = Release|Any CPU
	EndGlobalSection
	GlobalSection(SolutionProperties) = preSolution
		HideSolutionNode = FALSE
	EndGlobalSection
	GlobalSection(ExtensibilityGlobals) = postSolution
		SolutionGuid = {477E17C1-53EB-4C70-88E5-E59A04A7D9B1}
	EndGlobalSection
EndGlobal
