
Microsoft Visual Studio Solution File, Format Version 12.00
# Visual Studio Version 17
VisualStudioVersion = 17.10.35013.160
MinimumVisualStudioVersion = 10.0.40219.1
Project("{2150E333-8FDC-42A3-9474-1A3956D46DE8}") = "ExternalServices", "ExternalServices", "{1D2645B8-9D90-49F5-8E04-04C656173D9A}"
EndProject
Project("{9A19103F-16F7-4668-BE54-9A1E7A4F7556}") = "MockServer", "MockServer\MockServer.csproj", "{105596DA-32F1-46BC-AF1E-5034D9AEC7F0}"
EndProject
Global
	GlobalSection(SolutionConfigurationPlatforms) = preSolution
		Debug|Any CPU = Debug|Any CPU
		Release|Any CPU = Release|Any CPU
	EndGlobalSection
	GlobalSection(ProjectConfigurationPlatforms) = postSolution
		{105596DA-32F1-46BC-AF1E-5034D9AEC7F0}.Debug|Any CPU.ActiveCfg = Debug|Any CPU
		{105596DA-32F1-46BC-AF1E-5034D9AEC7F0}.Debug|Any CPU.Build.0 = Debug|Any CPU
		{105596DA-32F1-46BC-AF1E-5034D9AEC7F0}.Release|Any CPU.ActiveCfg = Release|Any CPU
		{105596DA-32F1-46BC-AF1E-5034D9AEC7F0}.Release|Any CPU.Build.0 = Release|Any CPU
	EndGlobalSection
	GlobalSection(SolutionProperties) = preSolution
		HideSolutionNode = FALSE
	EndGlobalSection
	GlobalSection(NestedProjects) = preSolution
		{105596DA-32F1-46BC-AF1E-5034D9AEC7F0} = {1D2645B8-9D90-49F5-8E04-04C656173D9A}
	EndGlobalSection
	GlobalSection(ExtensibilityGlobals) = postSolution
		SolutionGuid = {3A44E5AD-DAA1-4713-8D9B-3F310C4237CD}
	EndGlobalSection
EndGlobal
